
Microsoft Visual Studio Solution File, Format Version 12.00
# Visual Studio Version 16
VisualStudioVersion = 16.0.29806.167
MinimumVisualStudioVersion = 10.0.40219.1
Project("{FAE04EC0-301F-11D3-BF4B-00C04F79EFBC}") = "SearchCharTranslate", "SearchCharTranslate\SearchCharTranslate.csproj", "{D0A53FC7-F73C-4FE1-9C0A-E215DDD8E58F}"
EndProject
Project("{FAE04EC0-301F-11D3-BF4B-00C04F79EFBC}") = "TestConsoleAPP", "TestConsoleAPP\TestConsoleAPP.csproj", "{AE0F6EC7-7619-4D92-99E7-9D19F790B891}"
EndProject
Global
	GlobalSection(SolutionConfigurationPlatforms) = preSolution
		Debug|Any CPU = Debug|Any CPU
		Release|Any CPU = Release|Any CPU
	EndGlobalSection
	GlobalSection(ProjectConfigurationPlatforms) = postSolution
		{D0A53FC7-F73C-4FE1-9C0A-E215DDD8E58F}.Debug|Any CPU.ActiveCfg = Debug|Any CPU
		{D0A53FC7-F73C-4FE1-9C0A-E215DDD8E58F}.Debug|Any CPU.Build.0 = Debug|Any CPU
		{D0A53FC7-F73C-4FE1-9C0A-E215DDD8E58F}.Release|Any CPU.ActiveCfg = Release|Any CPU
		{D0A53FC7-F73C-4FE1-9C0A-E215DDD8E58F}.Release|Any CPU.Build.0 = Release|Any CPU
		{AE0F6EC7-7619-4D92-99E7-9D19F790B891}.Debug|Any CPU.ActiveCfg = Debug|Any CPU
		{AE0F6EC7-7619-4D92-99E7-9D19F790B891}.Debug|Any CPU.Build.0 = Debug|Any CPU
		{AE0F6EC7-7619-4D92-99E7-9D19F790B891}.Release|Any CPU.ActiveCfg = Release|Any CPU
		{AE0F6EC7-7619-4D92-99E7-9D19F790B891}.Release|Any CPU.Build.0 = Release|Any CPU
	EndGlobalSection
	GlobalSection(SolutionProperties) = preSolution
		HideSolutionNode = FALSE
	EndGlobalSection
	GlobalSection(ExtensibilityGlobals) = postSolution
		SolutionGuid = {A8028DA1-6A30-4C52-9FC8-74DF17DDB670}
	EndGlobalSection
EndGlobal
